{
  "requires": true,
  "lockfileVersion": 1,
  "dependencies": {
    "@types/classnames": {
      "version": "2.2.3",
      "resolved": "http://a34apvl062.devillo.no:8082/repository/npm-all/@types/classnames/-/classnames-2.2.3.tgz",
      "integrity": "sha512-x15/Io+JdzrkM9gnX6SWUs/EmqQzd65TD9tcZIAQ1VIdb93XErNuYmB7Yho8JUCE189ipUSESsWvGvYXRRIvYA=="
    },
    "classnames": {
      "version": "2.2.5",
      "resolved": "http://maven.adeo.no/nexus/content/groups/npm-all/classnames/-/classnames-2.2.5.tgz",
      "integrity": "sha1-+zgB1FNGdknvNgPH1hoCvRKb3m0="
    },
    "reselect": {
      "version": "3.0.1",
      "resolved": "http://maven.adeo.no/nexus/content/groups/npm-all/reselect/-/reselect-3.0.1.tgz",
      "integrity": "sha1-79qpjqdFEyTQkrKyFjpqHXqaIUc="
    }
  }
}
